
Microsoft Visual Studio Solution File, Format Version 12.00
# Visual Studio Version 16
VisualStudioVersion = 16.0.29806.167
MinimumVisualStudioVersion = 10.0.40219.1
Project("{FAE04EC0-301F-11D3-BF4B-00C04F79EFBC}") = "TestServer", "TestServer\TestServer.csproj", "{63374D96-A56A-4FCB-B159-4A0C83494839}"
EndProject
Project("{FAE04EC0-301F-11D3-BF4B-00C04F79EFBC}") = "FuncTest", "FuncTest\FuncTest.csproj", "{7570A5FE-1AD6-4009-8401-32CC01708602}"
EndProject
Project("{FAE04EC0-301F-11D3-BF4B-00C04F79EFBC}") = "MyLab.ApiClient.Test", "MyLab.ApiClient.Test\MyLab.ApiClient.Test.csproj", "{7897BA91-3BC8-4461-B8F7-6ED136F3EA45}"
EndProject
Global
	GlobalSection(SolutionConfigurationPlatforms) = preSolution
		Debug|Any CPU = Debug|Any CPU
		Release|Any CPU = Release|Any CPU
	EndGlobalSection
	GlobalSection(ProjectConfigurationPlatforms) = postSolution
		{63374D96-A56A-4FCB-B159-4A0C83494839}.Debug|Any CPU.ActiveCfg = Debug|Any CPU
		{63374D96-A56A-4FCB-B159-4A0C83494839}.Debug|Any CPU.Build.0 = Debug|Any CPU
		{63374D96-A56A-4FCB-B159-4A0C83494839}.Release|Any CPU.ActiveCfg = Release|Any CPU
		{63374D96-A56A-4FCB-B159-4A0C83494839}.Release|Any CPU.Build.0 = Release|Any CPU
		{7570A5FE-1AD6-4009-8401-32CC01708602}.Debug|Any CPU.ActiveCfg = Debug|Any CPU
		{7570A5FE-1AD6-4009-8401-32CC01708602}.Debug|Any CPU.Build.0 = Debug|Any CPU
		{7570A5FE-1AD6-4009-8401-32CC01708602}.Release|Any CPU.ActiveCfg = Release|Any CPU
		{7570A5FE-1AD6-4009-8401-32CC01708602}.Release|Any CPU.Build.0 = Release|Any CPU
		{7897BA91-3BC8-4461-B8F7-6ED136F3EA45}.Debug|Any CPU.ActiveCfg = Debug|Any CPU
		{7897BA91-3BC8-4461-B8F7-6ED136F3EA45}.Debug|Any CPU.Build.0 = Debug|Any CPU
		{7897BA91-3BC8-4461-B8F7-6ED136F3EA45}.Release|Any CPU.ActiveCfg = Release|Any CPU
		{7897BA91-3BC8-4461-B8F7-6ED136F3EA45}.Release|Any CPU.Build.0 = Release|Any CPU
	EndGlobalSection
	GlobalSection(SolutionProperties) = preSolution
		HideSolutionNode = FALSE
	EndGlobalSection
	GlobalSection(ExtensibilityGlobals) = postSolution
		SolutionGuid = {894A434A-386D-44CB-B4D8-FE752E409D2A}
	EndGlobalSection
EndGlobal
